
Microsoft Visual Studio Solution File, Format Version 11.00
# Visual Studio 2010
Project("{FAE04EC0-301F-11D3-BF4B-00C04F79EFBC}") = "MONO.Distribution.UI", "MONO.Distribution.UI\MONO.Distribution.UI.csproj", "{7DD33C8C-0DA0-4CC5-BFBD-3BC7CC4109B6}"
EndProject
Project("{FAE04EC0-301F-11D3-BF4B-00C04F79EFBC}") = "MONO.Distribution.BLL", "MONO.Distribution.BLL\MONO.Distribution.BLL.csproj", "{EFAB0D9C-51DC-4228-AE83-FD4C7D348214}"
EndProject
Project("{FAE04EC0-301F-11D3-BF4B-00C04F79EFBC}") = "MONO.Distribution.DAL", "MONO.Distribution.DAL\MONO.Distribution.DAL.csproj", "{00E87186-91D3-43E5-9F62-E7B026218984}"
EndProject
Project("{FAE04EC0-301F-11D3-BF4B-00C04F79EFBC}") = "MONO.Distribution.Common", "MONO.Distribution.Common\MONO.Distribution.Common.csproj", "{64DB0DB4-C6A3-4D6E-9B98-5250CE49A471}"
EndProject
Project("{FAE04EC0-301F-11D3-BF4B-00C04F79EFBC}") = "MONO.Distribution.Model", "MONO.Distribution.Model\MONO.Distribution.Model.csproj", "{C15BAAEB-5F9A-4438-9A4A-18265AB73363}"
EndProject
Project("{FAE04EC0-301F-11D3-BF4B-00C04F79EFBC}") = "MONO.Distribution.UIProcess", "MONO.Distribution.UIProcess\MONO.Distribution.UIProcess.csproj", "{04DB89D5-40CC-452E-AE98-F93BFDB5D752}"
EndProject
Project("{FAE04EC0-301F-11D3-BF4B-00C04F79EFBC}") = "MONO.Distribution.Utility", "MONO.Distribution.Utility\MONO.Distribution.Utility.csproj", "{5A18002C-5F6C-49A1-A631-7D8A28954076}"
EndProject
Project("{FAE04EC0-301F-11D3-BF4B-00C04F79EFBC}") = "MONO.Distribution.Resources", "MONO.Distribution.Resources\MONO.Distribution.Resources.csproj", "{C599D986-092F-4FED-97DC-35B57B6531B4}"
EndProject
Project("{FAE04EC0-301F-11D3-BF4B-00C04F79EFBC}") = "MONO.Distribution.Test", "MONO.Distribution.Test\MONO.Distribution.Test.csproj", "{BD62C987-C763-4CAB-A08D-24FC267F65B2}"
EndProject
Project("{FAE04EC0-301F-11D3-BF4B-00C04F79EFBC}") = "MONO.Distribution.Message", "MONO.Distribution.Message\MONO.Distribution.Message.csproj", "{E22F4BF6-F082-4E46-8EA7-EB4EBFC07876}"
EndProject
Project("{FAE04EC0-301F-11D3-BF4B-00C04F79EFBC}") = "MONO.Distribution.Alipay", "MONO.Distribution.Alipay\MONO.Distribution.Alipay.csproj", "{F7CB09F5-06CE-4C07-9675-2FE0FE7983DF}"
EndProject
Global
	GlobalSection(SolutionConfigurationPlatforms) = preSolution
		Debug|Any CPU = Debug|Any CPU
		Release|Any CPU = Release|Any CPU
	EndGlobalSection
	GlobalSection(ProjectConfigurationPlatforms) = postSolution
		{7DD33C8C-0DA0-4CC5-BFBD-3BC7CC4109B6}.Debug|Any CPU.ActiveCfg = Debug|Any CPU
		{7DD33C8C-0DA0-4CC5-BFBD-3BC7CC4109B6}.Debug|Any CPU.Build.0 = Debug|Any CPU
		{7DD33C8C-0DA0-4CC5-BFBD-3BC7CC4109B6}.Release|Any CPU.ActiveCfg = Release|Any CPU
		{7DD33C8C-0DA0-4CC5-BFBD-3BC7CC4109B6}.Release|Any CPU.Build.0 = Release|Any CPU
		{EFAB0D9C-51DC-4228-AE83-FD4C7D348214}.Debug|Any CPU.ActiveCfg = Debug|Any CPU
		{EFAB0D9C-51DC-4228-AE83-FD4C7D348214}.Debug|Any CPU.Build.0 = Debug|Any CPU
		{EFAB0D9C-51DC-4228-AE83-FD4C7D348214}.Release|Any CPU.ActiveCfg = Release|Any CPU
		{EFAB0D9C-51DC-4228-AE83-FD4C7D348214}.Release|Any CPU.Build.0 = Release|Any CPU
		{00E87186-91D3-43E5-9F62-E7B026218984}.Debug|Any CPU.ActiveCfg = Debug|Any CPU
		{00E87186-91D3-43E5-9F62-E7B026218984}.Debug|Any CPU.Build.0 = Debug|Any CPU
		{00E87186-91D3-43E5-9F62-E7B026218984}.Release|Any CPU.ActiveCfg = Release|Any CPU
		{00E87186-91D3-43E5-9F62-E7B026218984}.Release|Any CPU.Build.0 = Release|Any CPU
		{64DB0DB4-C6A3-4D6E-9B98-5250CE49A471}.Debug|Any CPU.ActiveCfg = Debug|Any CPU
		{64DB0DB4-C6A3-4D6E-9B98-5250CE49A471}.Debug|Any CPU.Build.0 = Debug|Any CPU
		{64DB0DB4-C6A3-4D6E-9B98-5250CE49A471}.Release|Any CPU.ActiveCfg = Release|Any CPU
		{64DB0DB4-C6A3-4D6E-9B98-5250CE49A471}.Release|Any CPU.Build.0 = Release|Any CPU
		{C15BAAEB-5F9A-4438-9A4A-18265AB73363}.Debug|Any CPU.ActiveCfg = Debug|Any CPU
		{C15BAAEB-5F9A-4438-9A4A-18265AB73363}.Debug|Any CPU.Build.0 = Debug|Any CPU
		{C15BAAEB-5F9A-4438-9A4A-18265AB73363}.Release|Any CPU.ActiveCfg = Release|Any CPU
		{C15BAAEB-5F9A-4438-9A4A-18265AB73363}.Release|Any CPU.Build.0 = Release|Any CPU
		{04DB89D5-40CC-452E-AE98-F93BFDB5D752}.Debug|Any CPU.ActiveCfg = Debug|Any CPU
		{04DB89D5-40CC-452E-AE98-F93BFDB5D752}.Debug|Any CPU.Build.0 = Debug|Any CPU
		{04DB89D5-40CC-452E-AE98-F93BFDB5D752}.Release|Any CPU.ActiveCfg = Release|Any CPU
		{04DB89D5-40CC-452E-AE98-F93BFDB5D752}.Release|Any CPU.Build.0 = Release|Any CPU
		{5A18002C-5F6C-49A1-A631-7D8A28954076}.Debug|Any CPU.ActiveCfg = Debug|Any CPU
		{5A18002C-5F6C-49A1-A631-7D8A28954076}.Debug|Any CPU.Build.0 = Debug|Any CPU
		{5A18002C-5F6C-49A1-A631-7D8A28954076}.Release|Any CPU.ActiveCfg = Release|Any CPU
		{5A18002C-5F6C-49A1-A631-7D8A28954076}.Release|Any CPU.Build.0 = Release|Any CPU
		{C599D986-092F-4FED-97DC-35B57B6531B4}.Debug|Any CPU.ActiveCfg = Debug|Any CPU
		{C599D986-092F-4FED-97DC-35B57B6531B4}.Debug|Any CPU.Build.0 = Debug|Any CPU
		{C599D986-092F-4FED-97DC-35B57B6531B4}.Release|Any CPU.ActiveCfg = Release|Any CPU
		{C599D986-092F-4FED-97DC-35B57B6531B4}.Release|Any CPU.Build.0 = Release|Any CPU
		{BD62C987-C763-4CAB-A08D-24FC267F65B2}.Debug|Any CPU.ActiveCfg = Debug|Any CPU
		{BD62C987-C763-4CAB-A08D-24FC267F65B2}.Debug|Any CPU.Build.0 = Debug|Any CPU
		{BD62C987-C763-4CAB-A08D-24FC267F65B2}.Release|Any CPU.ActiveCfg = Release|Any CPU
		{BD62C987-C763-4CAB-A08D-24FC267F65B2}.Release|Any CPU.Build.0 = Release|Any CPU
		{E22F4BF6-F082-4E46-8EA7-EB4EBFC07876}.Debug|Any CPU.ActiveCfg = Debug|Any CPU
		{E22F4BF6-F082-4E46-8EA7-EB4EBFC07876}.Debug|Any CPU.Build.0 = Debug|Any CPU
		{E22F4BF6-F082-4E46-8EA7-EB4EBFC07876}.Release|Any CPU.ActiveCfg = Release|Any CPU
		{E22F4BF6-F082-4E46-8EA7-EB4EBFC07876}.Release|Any CPU.Build.0 = Release|Any CPU
		{F7CB09F5-06CE-4C07-9675-2FE0FE7983DF}.Debug|Any CPU.ActiveCfg = Debug|Any CPU
		{F7CB09F5-06CE-4C07-9675-2FE0FE7983DF}.Debug|Any CPU.Build.0 = Debug|Any CPU
		{F7CB09F5-06CE-4C07-9675-2FE0FE7983DF}.Release|Any CPU.ActiveCfg = Release|Any CPU
		{F7CB09F5-06CE-4C07-9675-2FE0FE7983DF}.Release|Any CPU.Build.0 = Release|Any CPU
	EndGlobalSection
	GlobalSection(SolutionProperties) = preSolution
		HideSolutionNode = FALSE
	EndGlobalSection
EndGlobal
