
Microsoft Visual Studio Solution File, Format Version 11.00
# Visual Studio 2010
Project("{FAE04EC0-301F-11D3-BF4B-00C04F79EFBC}") = "ObserverTest", "ObserverTest\ObserverTest.csproj", "{74B05F53-A031-4C7B-B762-9DF421383109}"
EndProject
Project("{FAE04EC0-301F-11D3-BF4B-00C04F79EFBC}") = "ObserverBLL", "ObserverBLL\ObserverBLL.csproj", "{2EEC8243-76CE-40A9-94E4-DBF7D74B82FC}"
EndProject
Project("{FAE04EC0-301F-11D3-BF4B-00C04F79EFBC}") = "ObserverOperates", "ObserverOperates\ObserverOperates.csproj", "{15D777D7-ADAF-4772-8611-89036950F08A}"
EndProject
Global
	GlobalSection(SolutionConfigurationPlatforms) = preSolution
		Debug|Any CPU = Debug|Any CPU
		Release|Any CPU = Release|Any CPU
	EndGlobalSection
	GlobalSection(ProjectConfigurationPlatforms) = postSolution
		{74B05F53-A031-4C7B-B762-9DF421383109}.Debug|Any CPU.ActiveCfg = Debug|Any CPU
		{74B05F53-A031-4C7B-B762-9DF421383109}.Debug|Any CPU.Build.0 = Debug|Any CPU
		{74B05F53-A031-4C7B-B762-9DF421383109}.Release|Any CPU.ActiveCfg = Release|Any CPU
		{74B05F53-A031-4C7B-B762-9DF421383109}.Release|Any CPU.Build.0 = Release|Any CPU
		{2EEC8243-76CE-40A9-94E4-DBF7D74B82FC}.Debug|Any CPU.ActiveCfg = Debug|Any CPU
		{2EEC8243-76CE-40A9-94E4-DBF7D74B82FC}.Debug|Any CPU.Build.0 = Debug|Any CPU
		{2EEC8243-76CE-40A9-94E4-DBF7D74B82FC}.Release|Any CPU.ActiveCfg = Release|Any CPU
		{2EEC8243-76CE-40A9-94E4-DBF7D74B82FC}.Release|Any CPU.Build.0 = Release|Any CPU
		{15D777D7-ADAF-4772-8611-89036950F08A}.Debug|Any CPU.ActiveCfg = Debug|Any CPU
		{15D777D7-ADAF-4772-8611-89036950F08A}.Debug|Any CPU.Build.0 = Debug|Any CPU
		{15D777D7-ADAF-4772-8611-89036950F08A}.Release|Any CPU.ActiveCfg = Release|Any CPU
		{15D777D7-ADAF-4772-8611-89036950F08A}.Release|Any CPU.Build.0 = Release|Any CPU
	EndGlobalSection
	GlobalSection(SolutionProperties) = preSolution
		HideSolutionNode = FALSE
	EndGlobalSection
EndGlobal
